
Microsoft Visual Studio Solution File, Format Version 12.00
# Visual Studio Version 17
VisualStudioVersion = 17.10.35013.160
MinimumVisualStudioVersion = 10.0.40219.1
Project("{FAE04EC0-301F-11D3-BF4B-00C04F79EFBC}") = "HWID", "HWID\HWID.csproj", "{95CEEC9F-2062-482B-9DD6-ED31FBA6C2E6}"
EndProject
Global
	GlobalSection(SolutionConfigurationPlatforms) = preSolution
		Debug|Any CPU = Debug|Any CPU
		Release|Any CPU = Release|Any CPU
	EndGlobalSection
	GlobalSection(ProjectConfigurationPlatforms) = postSolution
		{95CEEC9F-2062-482B-9DD6-ED31FBA6C2E6}.Debug|Any CPU.ActiveCfg = Debug|Any CPU
		{95CEEC9F-2062-482B-9DD6-ED31FBA6C2E6}.Debug|Any CPU.Build.0 = Debug|Any CPU
		{95CEEC9F-2062-482B-9DD6-ED31FBA6C2E6}.Release|Any CPU.ActiveCfg = Release|Any CPU
		{95CEEC9F-2062-482B-9DD6-ED31FBA6C2E6}.Release|Any CPU.Build.0 = Release|Any CPU
	EndGlobalSection
	GlobalSection(SolutionProperties) = preSolution
		HideSolutionNode = FALSE
	EndGlobalSection
	GlobalSection(ExtensibilityGlobals) = postSolution
		SolutionGuid = {6F4DBDE7-2B9B-444D-B525-449B257DA877}
	EndGlobalSection
EndGlobal
